
Microsoft Visual Studio Solution File, Format Version 12.00
# Visual Studio Version 16
VisualStudioVersion = 16.0.32901.82
MinimumVisualStudioVersion = 10.0.40219.1
Project("{FAE04EC0-301F-11D3-BF4B-00C04F79EFBC}") = "FilmProjesi", "FilmProjesi\FilmProjesi.csproj", "{2873D857-5681-4CFD-B0EB-6BCF3FCEA00B}"
EndProject
Project("{FAE04EC0-301F-11D3-BF4B-00C04F79EFBC}") = "FilmWeb", "FilmWeb\FilmWeb.csproj", "{38ECAC62-BACE-4D15-ACFB-66C04E317DE1}"
EndProject
Global
	GlobalSection(SolutionConfigurationPlatforms) = preSolution
		Debug|Any CPU = Debug|Any CPU
		Release|Any CPU = Release|Any CPU
	EndGlobalSection
	GlobalSection(ProjectConfigurationPlatforms) = postSolution
		{2873D857-5681-4CFD-B0EB-6BCF3FCEA00B}.Debug|Any CPU.ActiveCfg = Debug|Any CPU
		{2873D857-5681-4CFD-B0EB-6BCF3FCEA00B}.Debug|Any CPU.Build.0 = Debug|Any CPU
		{2873D857-5681-4CFD-B0EB-6BCF3FCEA00B}.Release|Any CPU.ActiveCfg = Release|Any CPU
		{2873D857-5681-4CFD-B0EB-6BCF3FCEA00B}.Release|Any CPU.Build.0 = Release|Any CPU
		{38ECAC62-BACE-4D15-ACFB-66C04E317DE1}.Debug|Any CPU.ActiveCfg = Debug|Any CPU
		{38ECAC62-BACE-4D15-ACFB-66C04E317DE1}.Debug|Any CPU.Build.0 = Debug|Any CPU
		{38ECAC62-BACE-4D15-ACFB-66C04E317DE1}.Release|Any CPU.ActiveCfg = Release|Any CPU
		{38ECAC62-BACE-4D15-ACFB-66C04E317DE1}.Release|Any CPU.Build.0 = Release|Any CPU
	EndGlobalSection
	GlobalSection(SolutionProperties) = preSolution
		HideSolutionNode = FALSE
	EndGlobalSection
	GlobalSection(ExtensibilityGlobals) = postSolution
		SolutionGuid = {E1E35FA0-F8B5-45FB-A1EB-F139A04808EB}
	EndGlobalSection
EndGlobal
